
Microsoft Visual Studio Solution File, Format Version 12.00
# Visual Studio Version 16
VisualStudioVersion = 16.0.31613.86
MinimumVisualStudioVersion = 10.0.40219.1
Project("{FAE04EC0-301F-11D3-BF4B-00C04F79EFBC}") = "WCPars", "WCPars\WCPars.csproj", "{9324EC8F-643B-4C3F-A435-6FC3FD244232}"
EndProject
Global
	GlobalSection(SolutionConfigurationPlatforms) = preSolution
		Debug|Any CPU = Debug|Any CPU
		Release|Any CPU = Release|Any CPU
	EndGlobalSection
	GlobalSection(ProjectConfigurationPlatforms) = postSolution
		{9324EC8F-643B-4C3F-A435-6FC3FD244232}.Debug|Any CPU.ActiveCfg = Debug|Any CPU
		{9324EC8F-643B-4C3F-A435-6FC3FD244232}.Debug|Any CPU.Build.0 = Debug|Any CPU
		{9324EC8F-643B-4C3F-A435-6FC3FD244232}.Release|Any CPU.ActiveCfg = Release|Any CPU
		{9324EC8F-643B-4C3F-A435-6FC3FD244232}.Release|Any CPU.Build.0 = Release|Any CPU
	EndGlobalSection
	GlobalSection(SolutionProperties) = preSolution
		HideSolutionNode = FALSE
	EndGlobalSection
	GlobalSection(ExtensibilityGlobals) = postSolution
		SolutionGuid = {430EE862-04DE-43C7-94FD-F8D4EE860C8C}
	EndGlobalSection
EndGlobal
